
Microsoft Visual Studio Solution File, Format Version 12.00
# Visual Studio 15
VisualStudioVersion = 15.0.27428.2015
MinimumVisualStudioVersion = 10.0.40219.1
Project("{8BC9CEB8-8B4A-11D0-8D11-00A0C91BC942}") = "Probely", "Probely\Probely.vcxproj", "{16077623-9E04-47BD-882F-3AA024DF2165}"
EndProject
Global
	GlobalSection(SolutionConfigurationPlatforms) = preSolution
		Debug|x64 = Debug|x64
		Debug|x86 = Debug|x86
		Release|x64 = Release|x64
		Release|x86 = Release|x86
	EndGlobalSection
	GlobalSection(ProjectConfigurationPlatforms) = postSolution
		{16077623-9E04-47BD-882F-3AA024DF2165}.Debug|x64.ActiveCfg = Debug|x64
		{16077623-9E04-47BD-882F-3AA024DF2165}.Debug|x64.Build.0 = Debug|x64
		{16077623-9E04-47BD-882F-3AA024DF2165}.Debug|x86.ActiveCfg = Debug|Win32
		{16077623-9E04-47BD-882F-3AA024DF2165}.Debug|x86.Build.0 = Debug|Win32
		{16077623-9E04-47BD-882F-3AA024DF2165}.Release|x64.ActiveCfg = Release|x64
		{16077623-9E04-47BD-882F-3AA024DF2165}.Release|x64.Build.0 = Release|x64
		{16077623-9E04-47BD-882F-3AA024DF2165}.Release|x86.ActiveCfg = Release|Win32
		{16077623-9E04-47BD-882F-3AA024DF2165}.Release|x86.Build.0 = Release|Win32
	EndGlobalSection
	GlobalSection(SolutionProperties) = preSolution
		HideSolutionNode = FALSE
	EndGlobalSection
	GlobalSection(ExtensibilityGlobals) = postSolution
		SolutionGuid = {2C3E6A72-537D-43D1-889A-7CF55A91FDCA}
	EndGlobalSection
EndGlobal
